
Microsoft Visual Studio Solution File, Format Version 12.00
# Visual Studio 15
VisualStudioVersion = 15.0.28307.645
MinimumVisualStudioVersion = 10.0.40219.1
Project("{FAE04EC0-301F-11D3-BF4B-00C04F79EFBC}") = "APICenter", "APICenter\APICenter.csproj", "{8BFD956B-2CB6-4269-8BE0-9187CD8E8058}"
EndProject
Global
	GlobalSection(SolutionConfigurationPlatforms) = preSolution
		Debug|Any CPU = Debug|Any CPU
		Release|Any CPU = Release|Any CPU
	EndGlobalSection
	GlobalSection(ProjectConfigurationPlatforms) = postSolution
		{8BFD956B-2CB6-4269-8BE0-9187CD8E8058}.Debug|Any CPU.ActiveCfg = Debug|Any CPU
		{8BFD956B-2CB6-4269-8BE0-9187CD8E8058}.Debug|Any CPU.Build.0 = Debug|Any CPU
		{8BFD956B-2CB6-4269-8BE0-9187CD8E8058}.Release|Any CPU.ActiveCfg = Release|Any CPU
		{8BFD956B-2CB6-4269-8BE0-9187CD8E8058}.Release|Any CPU.Build.0 = Release|Any CPU
	EndGlobalSection
	GlobalSection(SolutionProperties) = preSolution
		HideSolutionNode = FALSE
	EndGlobalSection
	GlobalSection(ExtensibilityGlobals) = postSolution
		SolutionGuid = {1CA7E6E7-6FD2-40A9-A8D8-F7BDF27DD5AB}
	EndGlobalSection
EndGlobal
